
Microsoft Visual Studio Solution File, Format Version 12.00
# Visual Studio Version 17
VisualStudioVersion = 17.5.33516.290
MinimumVisualStudioVersion = 10.0.40219.1
Project("{8BC9CEB8-8B4A-11D0-8D11-00A0C91BC942}") = "lab 7", "lab 7.vcxproj", "{076EC6B8-4490-4D0A-99EF-DAAE7D7B85E7}"
EndProject
Global
	GlobalSection(SolutionConfigurationPlatforms) = preSolution
		Debug|x64 = Debug|x64
		Debug|x86 = Debug|x86
		Release|x64 = Release|x64
		Release|x86 = Release|x86
	EndGlobalSection
	GlobalSection(ProjectConfigurationPlatforms) = postSolution
		{076EC6B8-4490-4D0A-99EF-DAAE7D7B85E7}.Debug|x64.ActiveCfg = Debug|x64
		{076EC6B8-4490-4D0A-99EF-DAAE7D7B85E7}.Debug|x64.Build.0 = Debug|x64
		{076EC6B8-4490-4D0A-99EF-DAAE7D7B85E7}.Debug|x86.ActiveCfg = Debug|Win32
		{076EC6B8-4490-4D0A-99EF-DAAE7D7B85E7}.Debug|x86.Build.0 = Debug|Win32
		{076EC6B8-4490-4D0A-99EF-DAAE7D7B85E7}.Release|x64.ActiveCfg = Release|x64
		{076EC6B8-4490-4D0A-99EF-DAAE7D7B85E7}.Release|x64.Build.0 = Release|x64
		{076EC6B8-4490-4D0A-99EF-DAAE7D7B85E7}.Release|x86.ActiveCfg = Release|Win32
		{076EC6B8-4490-4D0A-99EF-DAAE7D7B85E7}.Release|x86.Build.0 = Release|Win32
	EndGlobalSection
	GlobalSection(SolutionProperties) = preSolution
		HideSolutionNode = FALSE
	EndGlobalSection
	GlobalSection(ExtensibilityGlobals) = postSolution
		SolutionGuid = {BA19F53B-46F2-4231-BC59-37FF43DBBF8F}
	EndGlobalSection
EndGlobal
